
Microsoft Visual Studio Solution File, Format Version 12.00
# Visual Studio Version 16
VisualStudioVersion = 16.0.31702.278
MinimumVisualStudioVersion = 10.0.40219.1
Project("{FAE04EC0-301F-11D3-BF4B-00C04F79EFBC}") = "2104", "2104\2104.csproj", "{AE4CD9EB-F6B1-4B4B-A762-30004A904B4D}"
EndProject
Global
	GlobalSection(SolutionConfigurationPlatforms) = preSolution
		Debug|Any CPU = Debug|Any CPU
		Release|Any CPU = Release|Any CPU
	EndGlobalSection
	GlobalSection(ProjectConfigurationPlatforms) = postSolution
		{AE4CD9EB-F6B1-4B4B-A762-30004A904B4D}.Debug|Any CPU.ActiveCfg = Debug|Any CPU
		{AE4CD9EB-F6B1-4B4B-A762-30004A904B4D}.Debug|Any CPU.Build.0 = Debug|Any CPU
		{AE4CD9EB-F6B1-4B4B-A762-30004A904B4D}.Release|Any CPU.ActiveCfg = Release|Any CPU
		{AE4CD9EB-F6B1-4B4B-A762-30004A904B4D}.Release|Any CPU.Build.0 = Release|Any CPU
	EndGlobalSection
	GlobalSection(SolutionProperties) = preSolution
		HideSolutionNode = FALSE
	EndGlobalSection
	GlobalSection(ExtensibilityGlobals) = postSolution
		SolutionGuid = {0022538E-B055-4196-8271-D721A4117434}
	EndGlobalSection
EndGlobal
